
Microsoft Visual Studio Solution File, Format Version 12.00
# Visual Studio 2015
Project("{FAE04EC0-301F-11D3-BF4B-00C04F79EFBC}") = "Shotgun-Wizards.CSharp", "Shotgun-Wizards.CSharp.csproj", "{C221626A-DBAB-AE8B-6EE5-42821150D07E}"
EndProject
Project("{FAE04EC0-301F-11D3-BF4B-00C04F79EFBC}") = "Shotgun-Wizards.CSharp.Editor", "Shotgun-Wizards.CSharp.Editor.csproj", "{33321D53-D8AE-92C4-1F81-4FD44A9013F8}"
EndProject
Global
	GlobalSection(SolutionConfigurationPlatforms) = preSolution
		Debug|Any CPU = Debug|Any CPU
		Release|Any CPU = Release|Any CPU
	EndGlobalSection
	GlobalSection(ProjectConfigurationPlatforms) = postSolution
		{C221626A-DBAB-AE8B-6EE5-42821150D07E}.Debug|Any CPU.ActiveCfg = Debug|Any CPU
		{C221626A-DBAB-AE8B-6EE5-42821150D07E}.Debug|Any CPU.Build.0 = Debug|Any CPU
		{C221626A-DBAB-AE8B-6EE5-42821150D07E}.Release|Any CPU.ActiveCfg = Release|Any CPU
		{C221626A-DBAB-AE8B-6EE5-42821150D07E}.Release|Any CPU.Build.0 = Release|Any CPU
		{33321D53-D8AE-92C4-1F81-4FD44A9013F8}.Debug|Any CPU.ActiveCfg = Debug|Any CPU
		{33321D53-D8AE-92C4-1F81-4FD44A9013F8}.Debug|Any CPU.Build.0 = Debug|Any CPU
		{33321D53-D8AE-92C4-1F81-4FD44A9013F8}.Release|Any CPU.ActiveCfg = Release|Any CPU
		{33321D53-D8AE-92C4-1F81-4FD44A9013F8}.Release|Any CPU.Build.0 = Release|Any CPU
	EndGlobalSection
	GlobalSection(SolutionProperties) = preSolution
		HideSolutionNode = FALSE
	EndGlobalSection
EndGlobal
