
Microsoft Visual Studio Solution File, Format Version 12.00
# Visual Studio 2015
Project("{FAE04EC0-301F-11D3-BF4B-00C04F79EFBC}") = "Shotgun Wizards (Scott Local).CSharp", "Shotgun Wizards (Scott Local).CSharp.csproj", "{DCB816D2-010B-1785-C494-A9F79D73BC19}"
EndProject
Project("{FAE04EC0-301F-11D3-BF4B-00C04F79EFBC}") = "Shotgun Wizards (Scott Local).CSharp.Editor", "Shotgun Wizards (Scott Local).CSharp.Editor.csproj", "{7E78CFB5-2A51-1430-C9BE-950359E3EC44}"
EndProject
Global
	GlobalSection(SolutionConfigurationPlatforms) = preSolution
		Debug|Any CPU = Debug|Any CPU
		Release|Any CPU = Release|Any CPU
	EndGlobalSection
	GlobalSection(ProjectConfigurationPlatforms) = postSolution
		{DCB816D2-010B-1785-C494-A9F79D73BC19}.Debug|Any CPU.ActiveCfg = Debug|Any CPU
		{DCB816D2-010B-1785-C494-A9F79D73BC19}.Debug|Any CPU.Build.0 = Debug|Any CPU
		{DCB816D2-010B-1785-C494-A9F79D73BC19}.Release|Any CPU.ActiveCfg = Release|Any CPU
		{DCB816D2-010B-1785-C494-A9F79D73BC19}.Release|Any CPU.Build.0 = Release|Any CPU
		{7E78CFB5-2A51-1430-C9BE-950359E3EC44}.Debug|Any CPU.ActiveCfg = Debug|Any CPU
		{7E78CFB5-2A51-1430-C9BE-950359E3EC44}.Debug|Any CPU.Build.0 = Debug|Any CPU
		{7E78CFB5-2A51-1430-C9BE-950359E3EC44}.Release|Any CPU.ActiveCfg = Release|Any CPU
		{7E78CFB5-2A51-1430-C9BE-950359E3EC44}.Release|Any CPU.Build.0 = Release|Any CPU
	EndGlobalSection
	GlobalSection(SolutionProperties) = preSolution
		HideSolutionNode = FALSE
	EndGlobalSection
EndGlobal
